
Microsoft Visual Studio Solution File, Format Version 12.00
# Visual Studio Version 17
VisualStudioVersion = 17.9.34902.65
MinimumVisualStudioVersion = 10.0.40219.1
Project("{9A19103F-16F7-4668-BE54-9A1E7A4F7556}") = "DotJEM.SourceGen.SqlAdapterGenerator", "DotJEM.SourceGen.SqlAdapterGenerator\DotJEM.SourceGen.SqlAdapterGenerator.csproj", "{AC686CE3-A9A8-46D2-978D-CE45AEB9181A}"
EndProject
Project("{FAE04EC0-301F-11D3-BF4B-00C04F79EFBC}") = "DotJEM.SourceGen.SqlAdapterGenerator.Demo", "DotJEM.SourceGen.SqlAdapterGenerator.Demo\DotJEM.SourceGen.SqlAdapterGenerator.Demo.csproj", "{273D04BA-C349-4652-9D14-E38AA110F628}"
EndProject
Global
	GlobalSection(SolutionConfigurationPlatforms) = preSolution
		Debug|Any CPU = Debug|Any CPU
		Release|Any CPU = Release|Any CPU
	EndGlobalSection
	GlobalSection(ProjectConfigurationPlatforms) = postSolution
		{AC686CE3-A9A8-46D2-978D-CE45AEB9181A}.Debug|Any CPU.ActiveCfg = Debug|Any CPU
		{AC686CE3-A9A8-46D2-978D-CE45AEB9181A}.Debug|Any CPU.Build.0 = Debug|Any CPU
		{AC686CE3-A9A8-46D2-978D-CE45AEB9181A}.Release|Any CPU.ActiveCfg = Release|Any CPU
		{AC686CE3-A9A8-46D2-978D-CE45AEB9181A}.Release|Any CPU.Build.0 = Release|Any CPU
		{273D04BA-C349-4652-9D14-E38AA110F628}.Debug|Any CPU.ActiveCfg = Debug|Any CPU
		{273D04BA-C349-4652-9D14-E38AA110F628}.Debug|Any CPU.Build.0 = Debug|Any CPU
		{273D04BA-C349-4652-9D14-E38AA110F628}.Release|Any CPU.ActiveCfg = Release|Any CPU
		{273D04BA-C349-4652-9D14-E38AA110F628}.Release|Any CPU.Build.0 = Release|Any CPU
	EndGlobalSection
	GlobalSection(SolutionProperties) = preSolution
		HideSolutionNode = FALSE
	EndGlobalSection
	GlobalSection(ExtensibilityGlobals) = postSolution
		SolutionGuid = {A87E073B-FCB6-4E63-A04F-BACA4195DD3B}
	EndGlobalSection
EndGlobal
